
Microsoft Visual Studio Solution File, Format Version 12.00
# Visual Studio Version 16
VisualStudioVersion = 16.0.33130.400
MinimumVisualStudioVersion = 10.0.40219.1
Project("{8BC9CEB8-8B4A-11D0-8D11-00A0C91BC942}") = "GraphicProject", "GraphicProject\GraphicProject.vcxproj", "{50C26B8E-E22C-4798-908C-012D658E1A70}"
EndProject
Global
	GlobalSection(SolutionConfigurationPlatforms) = preSolution
		Debug|x64 = Debug|x64
		Debug|x86 = Debug|x86
		Release|x64 = Release|x64
		Release|x86 = Release|x86
	EndGlobalSection
	GlobalSection(ProjectConfigurationPlatforms) = postSolution
		{50C26B8E-E22C-4798-908C-012D658E1A70}.Debug|x64.ActiveCfg = Debug|x64
		{50C26B8E-E22C-4798-908C-012D658E1A70}.Debug|x64.Build.0 = Debug|x64
		{50C26B8E-E22C-4798-908C-012D658E1A70}.Debug|x86.ActiveCfg = Debug|Win32
		{50C26B8E-E22C-4798-908C-012D658E1A70}.Debug|x86.Build.0 = Debug|Win32
		{50C26B8E-E22C-4798-908C-012D658E1A70}.Release|x64.ActiveCfg = Release|x64
		{50C26B8E-E22C-4798-908C-012D658E1A70}.Release|x64.Build.0 = Release|x64
		{50C26B8E-E22C-4798-908C-012D658E1A70}.Release|x86.ActiveCfg = Release|Win32
		{50C26B8E-E22C-4798-908C-012D658E1A70}.Release|x86.Build.0 = Release|Win32
	EndGlobalSection
	GlobalSection(SolutionProperties) = preSolution
		HideSolutionNode = FALSE
	EndGlobalSection
	GlobalSection(ExtensibilityGlobals) = postSolution
		SolutionGuid = {6743AF2C-B80C-4F9F-95ED-9EB7DF67346B}
	EndGlobalSection
EndGlobal
